Microsoft Visual Studio Solution File, Format Version 12.00
# Visual Studio Version 17
VisualStudioVersion = 17.5.2.0
MinimumVisualStudioVersion = 10.0.40219.1
Project("{FAE04EC0-301F-11D3-BF4B-00C04F79EFBC}") = "JobPilotBackend", "JobPilotBackend\JobPilotBackend.csproj", "{EBC096BE-71A4-9671-0AFB-584EB72904D3}"
EndProject
Global
	GlobalSection(SolutionConfigurationPlatforms) = preSolution
		Debug|Any CPU = Debug|Any CPU
		Release|Any CPU = Release|Any CPU
	EndGlobalSection
	GlobalSection(ProjectConfigurationPlatforms) = postSolution
		{EBC096BE-71A4-9671-0AFB-584EB72904D3}.Debug|Any CPU.ActiveCfg = Debug|Any CPU
		{EBC096BE-71A4-9671-0AFB-584EB72904D3}.Debug|Any CPU.Build.0 = Debug|Any CPU
		{EBC096BE-71A4-9671-0AFB-584EB72904D3}.Release|Any CPU.ActiveCfg = Release|Any CPU
		{EBC096BE-71A4-9671-0AFB-584EB72904D3}.Release|Any CPU.Build.0 = Release|Any CPU
	EndGlobalSection
	GlobalSection(SolutionProperties) = preSolution
		HideSolutionNode = FALSE
	EndGlobalSection
	GlobalSection(ExtensibilityGlobals) = postSolution
		SolutionGuid = {F578EAF5-DD41-42E6-995E-E893DEA64F91}
	EndGlobalSection
EndGlobal
